
Microsoft Visual Studio Solution File, Format Version 12.00
# Visual Studio Version 16
VisualStudioVersion = 16.0.31911.196
MinimumVisualStudioVersion = 10.0.40219.1
Project("{FAE04EC0-301F-11D3-BF4B-00C04F79EFBC}") = "Module3HW6", "Module3HW6\Module3HW6.csproj", "{FCA802BA-F4F1-440D-B3B5-96B230269A78}"
EndProject
Global
	GlobalSection(SolutionConfigurationPlatforms) = preSolution
		Debug|Any CPU = Debug|Any CPU
		Release|Any CPU = Release|Any CPU
	EndGlobalSection
	GlobalSection(ProjectConfigurationPlatforms) = postSolution
		{FCA802BA-F4F1-440D-B3B5-96B230269A78}.Debug|Any CPU.ActiveCfg = Debug|Any CPU
		{FCA802BA-F4F1-440D-B3B5-96B230269A78}.Debug|Any CPU.Build.0 = Debug|Any CPU
		{FCA802BA-F4F1-440D-B3B5-96B230269A78}.Release|Any CPU.ActiveCfg = Release|Any CPU
		{FCA802BA-F4F1-440D-B3B5-96B230269A78}.Release|Any CPU.Build.0 = Release|Any CPU
	EndGlobalSection
	GlobalSection(SolutionProperties) = preSolution
		HideSolutionNode = FALSE
	EndGlobalSection
	GlobalSection(ExtensibilityGlobals) = postSolution
		SolutionGuid = {4EE781AB-3FC7-4763-8863-705B42E77438}
	EndGlobalSection
EndGlobal
